
Microsoft Visual Studio Solution File, Format Version 12.00
# Visual Studio Version 16
VisualStudioVersion = 16.0.28803.156
MinimumVisualStudioVersion = 10.0.40219.1
Project("{9A19103F-16F7-4668-BE54-9A1E7A4F7556}") = "EncompassDeploymentTool", "EncompassDeploymentTool\EncompassDeploymentTool.csproj", "{71F4E56C-D11C-4F7C-A9ED-0E99DAE90B6B}"
EndProject
Project("{2150E333-8FDC-42A3-9474-1A3956D46DE8}") = "Solution Items", "Solution Items", "{12FD51D0-A02D-4822-97CA-2EF8F5A25814}"
	ProjectSection(SolutionItems) = preProject
		.gitignore = .gitignore
		azure-pipelines.yml = azure-pipelines.yml
		README.md = README.md
	EndProjectSection
EndProject
Global
	GlobalSection(SolutionConfigurationPlatforms) = preSolution
		Debug|Any CPU = Debug|Any CPU
		Release|Any CPU = Release|Any CPU
	EndGlobalSection
	GlobalSection(ProjectConfigurationPlatforms) = postSolution
		{71F4E56C-D11C-4F7C-A9ED-0E99DAE90B6B}.Debug|Any CPU.ActiveCfg = Debug|Any CPU
		{71F4E56C-D11C-4F7C-A9ED-0E99DAE90B6B}.Debug|Any CPU.Build.0 = Debug|Any CPU
		{71F4E56C-D11C-4F7C-A9ED-0E99DAE90B6B}.Release|Any CPU.ActiveCfg = Release|Any CPU
		{71F4E56C-D11C-4F7C-A9ED-0E99DAE90B6B}.Release|Any CPU.Build.0 = Release|Any CPU
	EndGlobalSection
	GlobalSection(SolutionProperties) = preSolution
		HideSolutionNode = FALSE
	EndGlobalSection
	GlobalSection(ExtensibilityGlobals) = postSolution
		SolutionGuid = {200C896C-C58E-4C12-9822-B630B3AC8472}
	EndGlobalSection
EndGlobal
